
Microsoft Visual Studio Solution File, Format Version 12.00
# Visual Studio 14
VisualStudioVersion = 14.0.25420.1
MinimumVisualStudioVersion = 10.0.40219.1
Project("{2150E333-8FDC-42A3-9474-1A3956D46DE8}") = "src", "src", "{CFAB1B1E-FD04-44F1-94C4-61B9B1368B20}"
	ProjectSection(SolutionItems) = preProject
		global.json = global.json
	EndProjectSection
EndProject
Project("{2150E333-8FDC-42A3-9474-1A3956D46DE8}") = "Solution Items", "Solution Items", "{62BCF0F9-5B7D-4DBF-968D-39C2D92B649F}"
	ProjectSection(SolutionItems) = preProject
		global.json = global.json
	EndProjectSection
EndProject
Project("{8BB2217D-0F2D-49D1-97BC-3654ED321F3B}") = "HighriseBackend", "src\HighriseBackend\HighriseBackend.xproj", "{51775A1C-466B-4922-A241-CEAD5FCF48D9}"
EndProject
Global
	GlobalSection(SolutionConfigurationPlatforms) = preSolution
		Debug|Any CPU = Debug|Any CPU
		Release|Any CPU = Release|Any CPU
	EndGlobalSection
	GlobalSection(ProjectConfigurationPlatforms) = postSolution
		{51775A1C-466B-4922-A241-CEAD5FCF48D9}.Debug|Any CPU.ActiveCfg = Debug|Any CPU
		{51775A1C-466B-4922-A241-CEAD5FCF48D9}.Debug|Any CPU.Build.0 = Debug|Any CPU
		{51775A1C-466B-4922-A241-CEAD5FCF48D9}.Release|Any CPU.ActiveCfg = Release|Any CPU
		{51775A1C-466B-4922-A241-CEAD5FCF48D9}.Release|Any CPU.Build.0 = Release|Any CPU
	EndGlobalSection
	GlobalSection(SolutionProperties) = preSolution
		HideSolutionNode = FALSE
	EndGlobalSection
	GlobalSection(NestedProjects) = preSolution
		{51775A1C-466B-4922-A241-CEAD5FCF48D9} = {CFAB1B1E-FD04-44F1-94C4-61B9B1368B20}
	EndGlobalSection
EndGlobal
